
Microsoft Visual Studio Solution File, Format Version 12.00
# Visual Studio Version 17
VisualStudioVersion = 17.6.33815.320
MinimumVisualStudioVersion = 10.0.40219.1
Project("{FAE04EC0-301F-11D3-BF4B-00C04F79EFBC}") = "ConAppAssignment_9", "ConAppAssignment_9\ConAppAssignment_9.csproj", "{7D246BEF-28E0-466E-B0FD-D82803DAA588}"
EndProject
Global
	GlobalSection(SolutionConfigurationPlatforms) = preSolution
		Debug|Any CPU = Debug|Any CPU
		Release|Any CPU = Release|Any CPU
	EndGlobalSection
	GlobalSection(ProjectConfigurationPlatforms) = postSolution
		{7D246BEF-28E0-466E-B0FD-D82803DAA588}.Debug|Any CPU.ActiveCfg = Debug|Any CPU
		{7D246BEF-28E0-466E-B0FD-D82803DAA588}.Debug|Any CPU.Build.0 = Debug|Any CPU
		{7D246BEF-28E0-466E-B0FD-D82803DAA588}.Release|Any CPU.ActiveCfg = Release|Any CPU
		{7D246BEF-28E0-466E-B0FD-D82803DAA588}.Release|Any CPU.Build.0 = Release|Any CPU
	EndGlobalSection
	GlobalSection(SolutionProperties) = preSolution
		HideSolutionNode = FALSE
	EndGlobalSection
	GlobalSection(ExtensibilityGlobals) = postSolution
		SolutionGuid = {B67C5886-8F98-47C6-B7C0-1999A295D0FF}
	EndGlobalSection
EndGlobal
